
Microsoft Visual Studio Solution File, Format Version 12.00
# Visual Studio Version 16
VisualStudioVersion = 16.0.33927.289
MinimumVisualStudioVersion = 10.0.40219.1
Project("{8BC9CEB8-8B4A-11D0-8D11-00A0C91BC942}") = "CH12_탐색2", "CH12_탐색2\CH12_탐색2.vcxproj", "{4F3A2424-AD10-40BA-9CFA-E0339587EB0E}"
EndProject
Global
	GlobalSection(SolutionConfigurationPlatforms) = preSolution
		Debug|x64 = Debug|x64
		Debug|x86 = Debug|x86
		Release|x64 = Release|x64
		Release|x86 = Release|x86
	EndGlobalSection
	GlobalSection(ProjectConfigurationPlatforms) = postSolution
		{4F3A2424-AD10-40BA-9CFA-E0339587EB0E}.Debug|x64.ActiveCfg = Debug|x64
		{4F3A2424-AD10-40BA-9CFA-E0339587EB0E}.Debug|x64.Build.0 = Debug|x64
		{4F3A2424-AD10-40BA-9CFA-E0339587EB0E}.Debug|x86.ActiveCfg = Debug|Win32
		{4F3A2424-AD10-40BA-9CFA-E0339587EB0E}.Debug|x86.Build.0 = Debug|Win32
		{4F3A2424-AD10-40BA-9CFA-E0339587EB0E}.Release|x64.ActiveCfg = Release|x64
		{4F3A2424-AD10-40BA-9CFA-E0339587EB0E}.Release|x64.Build.0 = Release|x64
		{4F3A2424-AD10-40BA-9CFA-E0339587EB0E}.Release|x86.ActiveCfg = Release|Win32
		{4F3A2424-AD10-40BA-9CFA-E0339587EB0E}.Release|x86.Build.0 = Release|Win32
	EndGlobalSection
	GlobalSection(SolutionProperties) = preSolution
		HideSolutionNode = FALSE
	EndGlobalSection
	GlobalSection(ExtensibilityGlobals) = postSolution
		SolutionGuid = {ED2F069E-3D1C-41FA-9E3E-5AE90B3C4049}
	EndGlobalSection
EndGlobal
